
Microsoft Visual Studio Solution File, Format Version 12.00
# Visual Studio 15
VisualStudioVersion = 15.0.28307.1500
MinimumVisualStudioVersion = 10.0.40219.1
Project("{FAE04EC0-301F-11D3-BF4B-00C04F79EFBC}") = "FootballLibrary", "FootballLibrary\FootballLibrary.csproj", "{A08508CA-8D46-41F0-AB93-78B225DF9DFA}"
EndProject
Project("{FAE04EC0-301F-11D3-BF4B-00C04F79EFBC}") = "FootballClient", "FootballClient\FootballClient.csproj", "{B19F6A2F-DD90-4CBC-A9D3-1554A4578E9C}"
EndProject
Global
	GlobalSection(SolutionConfigurationPlatforms) = preSolution
		Debug|Any CPU = Debug|Any CPU
		Release|Any CPU = Release|Any CPU
	EndGlobalSection
	GlobalSection(ProjectConfigurationPlatforms) = postSolution
		{A08508CA-8D46-41F0-AB93-78B225DF9DFA}.Debug|Any CPU.ActiveCfg = Debug|Any CPU
		{A08508CA-8D46-41F0-AB93-78B225DF9DFA}.Debug|Any CPU.Build.0 = Debug|Any CPU
		{A08508CA-8D46-41F0-AB93-78B225DF9DFA}.Release|Any CPU.ActiveCfg = Release|Any CPU
		{A08508CA-8D46-41F0-AB93-78B225DF9DFA}.Release|Any CPU.Build.0 = Release|Any CPU
		{B19F6A2F-DD90-4CBC-A9D3-1554A4578E9C}.Debug|Any CPU.ActiveCfg = Debug|Any CPU
		{B19F6A2F-DD90-4CBC-A9D3-1554A4578E9C}.Debug|Any CPU.Build.0 = Debug|Any CPU
		{B19F6A2F-DD90-4CBC-A9D3-1554A4578E9C}.Release|Any CPU.ActiveCfg = Release|Any CPU
		{B19F6A2F-DD90-4CBC-A9D3-1554A4578E9C}.Release|Any CPU.Build.0 = Release|Any CPU
	EndGlobalSection
	GlobalSection(SolutionProperties) = preSolution
		HideSolutionNode = FALSE
	EndGlobalSection
	GlobalSection(ExtensibilityGlobals) = postSolution
		SolutionGuid = {48B02D8C-488E-4A83-85AF-360EDF250C06}
	EndGlobalSection
EndGlobal
